
Microsoft Visual Studio Solution File, Format Version 12.00
# Visual Studio Version 17
VisualStudioVersion = 17.4.33213.308
MinimumVisualStudioVersion = 10.0.40219.1
Project("{FAE04EC0-301F-11D3-BF4B-00C04F79EFBC}") = "SistemaProveeduriaAPI", "SistemaProveeduriaAPI\SistemaProveeduriaAPI.csproj", "{5A896EB0-EFA8-4906-8C0C-54139D73426B}"
EndProject
Project("{FAE04EC0-301F-11D3-BF4B-00C04F79EFBC}") = "DTOs", "DTOs\DTOs.csproj", "{9CF63E4C-46DB-445A-A7C7-51C9CE84CB0A}"
EndProject
Project("{FAE04EC0-301F-11D3-BF4B-00C04F79EFBC}") = "SistemaProveeduriaCORE", "SistemaProveeduriaCORE\SistemaProveeduriaCORE.csproj", "{0BD5B508-B8EA-4A8E-9426-A56C90E1D8DF}"
EndProject
Project("{FAE04EC0-301F-11D3-BF4B-00C04F79EFBC}") = "SistemaProveeduriaDataAcccess", "SistemaProveeduriaDataAcccess\SistemaProveeduriaDataAcccess.csproj", "{19807EA4-06AB-48C0-82AF-63F89BE461AB}"
EndProject
Project("{FAE04EC0-301F-11D3-BF4B-00C04F79EFBC}") = "WebApp - SistemaProveeduria", "WebApp - SistemaProveeduria\WebApp - SistemaProveeduria.csproj", "{CFDF90B7-1847-4F21-BA12-8BC9A01FF884}"
EndProject
Global
	GlobalSection(SolutionConfigurationPlatforms) = preSolution
		Debug|Any CPU = Debug|Any CPU
		Release|Any CPU = Release|Any CPU
	EndGlobalSection
	GlobalSection(ProjectConfigurationPlatforms) = postSolution
		{5A896EB0-EFA8-4906-8C0C-54139D73426B}.Debug|Any CPU.ActiveCfg = Debug|Any CPU
		{5A896EB0-EFA8-4906-8C0C-54139D73426B}.Debug|Any CPU.Build.0 = Debug|Any CPU
		{5A896EB0-EFA8-4906-8C0C-54139D73426B}.Release|Any CPU.ActiveCfg = Release|Any CPU
		{5A896EB0-EFA8-4906-8C0C-54139D73426B}.Release|Any CPU.Build.0 = Release|Any CPU
		{9CF63E4C-46DB-445A-A7C7-51C9CE84CB0A}.Debug|Any CPU.ActiveCfg = Debug|Any CPU
		{9CF63E4C-46DB-445A-A7C7-51C9CE84CB0A}.Debug|Any CPU.Build.0 = Debug|Any CPU
		{9CF63E4C-46DB-445A-A7C7-51C9CE84CB0A}.Release|Any CPU.ActiveCfg = Release|Any CPU
		{9CF63E4C-46DB-445A-A7C7-51C9CE84CB0A}.Release|Any CPU.Build.0 = Release|Any CPU
		{0BD5B508-B8EA-4A8E-9426-A56C90E1D8DF}.Debug|Any CPU.ActiveCfg = Debug|Any CPU
		{0BD5B508-B8EA-4A8E-9426-A56C90E1D8DF}.Debug|Any CPU.Build.0 = Debug|Any CPU
		{0BD5B508-B8EA-4A8E-9426-A56C90E1D8DF}.Release|Any CPU.ActiveCfg = Release|Any CPU
		{0BD5B508-B8EA-4A8E-9426-A56C90E1D8DF}.Release|Any CPU.Build.0 = Release|Any CPU
		{19807EA4-06AB-48C0-82AF-63F89BE461AB}.Debug|Any CPU.ActiveCfg = Debug|Any CPU
		{19807EA4-06AB-48C0-82AF-63F89BE461AB}.Debug|Any CPU.Build.0 = Debug|Any CPU
		{19807EA4-06AB-48C0-82AF-63F89BE461AB}.Release|Any CPU.ActiveCfg = Release|Any CPU
		{19807EA4-06AB-48C0-82AF-63F89BE461AB}.Release|Any CPU.Build.0 = Release|Any CPU
		{CFDF90B7-1847-4F21-BA12-8BC9A01FF884}.Debug|Any CPU.ActiveCfg = Debug|Any CPU
		{CFDF90B7-1847-4F21-BA12-8BC9A01FF884}.Debug|Any CPU.Build.0 = Debug|Any CPU
		{CFDF90B7-1847-4F21-BA12-8BC9A01FF884}.Release|Any CPU.ActiveCfg = Release|Any CPU
		{CFDF90B7-1847-4F21-BA12-8BC9A01FF884}.Release|Any CPU.Build.0 = Release|Any CPU
	EndGlobalSection
	GlobalSection(SolutionProperties) = preSolution
		HideSolutionNode = FALSE
	EndGlobalSection
	GlobalSection(ExtensibilityGlobals) = postSolution
		SolutionGuid = {7F22B584-990B-4206-904C-FEDB60F12447}
	EndGlobalSection
EndGlobal
